// !$*UTF8*$!
{
	archiveVersion = 1;
	classes = {
	};
	objectVersion = 50;
	objects = {

/* Begin PBXBuildFile section */
		AB18BA70283E616A007098D9 /* TLightSwiftUIAppApp.swift in Sources */ = {isa = PBXBuildFile; fileRef = AB18BA6F283E616A007098D9 /* TLightSwiftUIAppApp.swift */; };
		AB18BA72283E616A007098D9 /* ContentView.swift in Sources */ = {isa = PBXBuildFile; fileRef = AB18BA71283E616A007098D9 /* ContentView.swift */; };
		AB18BA74283E6170007098D9 /* Assets.xcassets in Resources */ = {isa = PBXBuildFile; fileRef = AB18BA73283E6170007098D9 /* Assets.xcassets */; };
		AB18BA77283E6170007098D9 /* Preview Assets.xcassets in Resources */ = {isa = PBXBuildFile; fileRef = AB18BA76283E6170007098D9 /* Preview Assets.xcassets */; };
		AB96F264283EC6CD00C2911C /* ColorCircle.swift in Sources */ = {isa = PBXBuildFile; fileRef = AB96F263283EC6CD00C2911C /* ColorCircle.swift */; };
		AB96F266283ECA1D00C2911C /* toggleColorButton.swift in Sources */ = {isa = PBXBuildFile; fileRef = AB96F265283ECA1D00C2911C /* toggleColorButton.swift */; };
/* End PBXBuildFile section */

/* Begin PBXFileReference section */
		AB18BA6C283E616A007098D9 /* TLightSwiftUIApp.app */ = {isa = PBXFileReference; explicitFileType = wrapper.application; includeInIndex = 0; path = TLightSwiftUIApp.app; sourceTree = BUILT_PRODUCTS_DIR; };
		AB18BA6F283E616A007098D9 /* TLightSwiftUIAppApp.swift */ = {isa = PBXFileReference; lastKnownFileType = sourcecode.swift; path = TLightSwiftUIAppApp.swift; sourceTree = "<group>"; };
		AB18BA71283E616A007098D9 /* ContentView.swift */ = {isa = PBXFileReference; lastKnownFileType = sourcecode.swift; path = ContentView.swift; sourceTree = "<group>"; };
		AB18BA73283E6170007098D9 /* Assets.xcassets */ = {isa = PBXFileReference; lastKnownFileType = folder.assetcatalog; path = Assets.xcassets; sourceTree = "<group>"; };
		AB18BA76283E6170007098D9 /* Preview Assets.xcassets */ = {isa = PBXFileReference; lastKnownFileType = folder.assetcatalog; path = "Preview Assets.xcassets"; sourceTree = "<group>"; };
		AB18BA78283E6170007098D9 /* Info.plist */ = {isa = PBXFileReference; lastKnownFileType = text.plist.xml; path = Info.plist; sourceTree = "<group>"; };
		AB96F263283EC6CD00C2911C /* ColorCircle.swift */ = {isa = PBXFileReference; lastKnownFileType = sourcecode.swift; path = ColorCircle.swift; sourceTree = "<group>"; };
		AB96F265283ECA1D00C2911C /* toggleColorButton.swift */ = {isa = PBXFileReference; lastKnownFileType = sourcecode.swift; path = toggleColorButton.swift; sourceTree = "<group>"; };
/* End PBXFileReference section */

/* Begin PBXFrameworksBuildPhase section */
		AB18BA69283E616A007098D9 /* Frameworks */ = {
			isa = PBXFrameworksBuildPhase;
			buildActionMask = 2147483647;
			files = (
			);
			runOnlyForDeploymentPostprocessing = 0;
		};
/* End PBXFrameworksBuildPhase section */

/* Begin PBXGroup section */
		AB18BA63283E616A007098D9 = {
			isa = PBXGroup;
			children = (
				AB18BA6E283E616A007098D9 /* TLightSwiftUIApp */,
				AB18BA6D283E616A007098D9 /* Products */,
			);
			sourceTree = "<group>";
		};
		AB18BA6D283E616A007098D9 /* Products */ = {
			isa = PBXGroup;
			children = (
				AB18BA6C283E616A007098D9 /* TLightSwiftUIApp.app */,
			);
			name = Products;
			sourceTree = "<group>";
		};
		AB18BA6E283E616A007098D9 /* TLightSwiftUIApp */ = {
			isa = PBXGroup;
			children = (
				AB18BA6F283E616A007098D9 /* TLightSwiftUIAppApp.swift */,
				AB18BA71283E616A007098D9 /* ContentView.swift */,
				AB96F263283EC6CD00C2911C /* ColorCircle.swift */,
				AB96F265283ECA1D00C2911C /* toggleColorButton.swift */,
				AB18BA73283E6170007098D9 /* Assets.xcassets */,
				AB18BA78283E6170007098D9 /* Info.plist */,
				AB18BA75283E6170007098D9 /* Preview Content */,
			);
			path = TLightSwiftUIApp;
			sourceTree = "<group>";
		};
		AB18BA75283E6170007098D9 /* Preview Content */ = {
			isa = PBXGroup;
			children = (
				AB18BA76283E6170007098D9 /* Preview Assets.xcassets */,
			);
			path = "Preview Content";
			sourceTree = "<group>";
		};
/* End PBXGroup section */

/* Begin PBXNativeTarget section */
		AB18BA6B283E616A007098D9 /* TLightSwiftUIApp */ = {
			isa = PBXNativeTarget;
			buildConfigurationList = AB18BA7B283E6170007098D9 /* Build configuration list for PBXNativeTarget "TLightSwiftUIApp" */;
			buildPhases = (
				AB18BA68283E616A007098D9 /* Sources */,
				AB18BA69283E616A007098D9 /* Frameworks */,
				AB18BA6A283E616A007098D9 /* Resources */,
			);
			buildRules = (
			);
			dependencies = (
			);
			name = TLightSwiftUIApp;
			productName = TLightSwiftUIApp;
			productReference = AB18BA6C283E616A007098D9 /* TLightSwiftUIApp.app */;
			productType = "com.apple.product-type.application";
		};
/* End PBXNativeTarget section */

/* Begin PBXProject section */
		AB18BA64283E616A007098D9 /* Project object */ = {
			isa = PBXProject;
			attributes = {
				LastSwiftUpdateCheck = 1250;
				LastUpgradeCheck = 1250;
				TargetAttributes = {
					AB18BA6B283E616A007098D9 = {
						CreatedOnToolsVersion = 12.5.1;
					};
				};
			};
			buildConfigurationList = AB18BA67283E616A007098D9 /* Build configuration list for PBXProject "TLightSwiftUIApp" */;
			compatibilityVersion = "Xcode 9.3";
			developmentRegion = en;
			hasScannedForEncodings = 0;
			knownRegions = (
				en,
				Base,
			);
			mainGroup = AB18BA63283E616A007098D9;
			productRefGroup = AB18BA6D283E616A007098D9 /* Products */;
			projectDirPath = "";
			projectRoot = "";
			targets = (
				AB18BA6B283E616A007098D9 /* TLightSwiftUIApp */,
			);
		};
/* End PBXProject section */

/* Begin PBXResourcesBuildPhase section */
		AB18BA6A283E616A007098D9 /* Resources */ = {
			isa = PBXResourcesBuildPhase;
			buildActionMask = 2147483647;
			files = (
				AB18BA77283E6170007098D9 /* Preview Assets.xcassets in Resources */,
				AB18BA74283E6170007098D9 /* Assets.xcassets in Resources */,
			);
			runOnlyForDeploymentPostprocessing = 0;
		};
/* End PBXResourcesBuildPhase section */

/* Begin PBXSourcesBuildPhase section */
		AB18BA68283E616A007098D9 /* Sources */ = {
			isa = PBXSourcesBuildPhase;
			buildActionMask = 2147483647;
			files = (
				AB18BA72283E616A007098D9 /* ContentView.swift in Sources */,
				AB18BA70283E616A007098D9 /* TLightSwiftUIAppApp.swift in Sources */,
				AB96F264283EC6CD00C2911C /* ColorCircle.swift in Sources */,
				AB96F266283ECA1D00C2911C /* toggleColorButton.swift in Sources */,
			);
			runOnlyForDeploymentPostprocessing = 0;
		};
/* End PBXSourcesBuildPhase section */

/* Begin XCBuildConfiguration section */
		AB18BA79283E6170007098D9 /* Debug */ = {
			isa = XCBuildConfiguration;
			buildSettings = {
				ALWAYS_SEARCH_USER_PATHS = NO;
				CLANG_ANALYZER_NONNULL = YES;
				CLANG_ANALYZER_NUMBER_OBJECT_CONVERSION = YES_AGGRESSIVE;
				CLANG_CXX_LANGUAGE_STANDARD = "gnu++14";
				CLANG_CXX_LIBRARY = "libc++";
				CLANG_ENABLE_MODULES = YES;
				CLANG_ENABLE_OBJC_ARC = YES;
				CLANG_ENABLE_OBJC_WEAK = YES;
				CLANG_WARN_BLOCK_CAPTURE_AUTORELEASING = YES;
				CLANG_WARN_BOOL_CONVERSION = YES;
				CLANG_WARN_COMMA = YES;
				CLANG_WARN_CONSTANT_CONVERSION = YES;
				CLANG_WARN_DEPRECATED_OBJC_IMPLEMENTATIONS = YES;
				CLANG_WARN_DIRECT_OBJC_ISA_USAGE = YES_ERROR;
				CLANG_WARN_DOCUMENTATION_COMMENTS = YES;
				CLANG_WARN_EMPTY_BODY = YES;
				CLANG_WARN_ENUM_CONVERSION = YES;
				CLANG_WARN_INFINITE_RECURSION = YES;
				CLANG_WARN_INT_CONVERSION = YES;
				CLANG_WARN_NON_LITERAL_NULL_CONVERSION = YES;
				CLANG_WARN_OBJC_IMPLICIT_RETAIN_SELF = YES;
				CLANG_WARN_OBJC_LITERAL_CONVERSION = YES;
				CLANG_WARN_OBJC_ROOT_CLASS = YES_ERROR;
				CLANG_WARN_QUOTED_INCLUDE_IN_FRAMEWORK_HEADER = YES;
				CLANG_WARN_RANGE_LOOP_ANALYSIS = YES;
				CLANG_WARN_STRICT_PROTOTYPES = YES;
				CLANG_WARN_SUSPICIOUS_MOVE = YES;
				CLANG_WARN_UNGUARDED_AVAILABILITY = YES_AGGRESSIVE;
				CLANG_WARN_UNREACHABLE_CODE = YES;
				CLANG_WARN__DUPLICATE_METHOD_MATCH = YES;
				COPY_PHASE_STRIP = NO;
				DEBUG_INFORMATION_FORMAT = dwarf;
				ENABLE_STRICT_OBJC_MSGSEND = YES;
				ENABLE_TESTABILITY = YES;
				GCC_C_LANGUAGE_STANDARD = gnu11;
				GCC_DYNAMIC_NO_PIC = NO;
				GCC_NO_COMMON_BLOCKS = YES;
				GCC_OPTIMIZATION_LEVEL = 0;
				GCC_PREPROCESSOR_DEFINITIONS = (
					"DEBUG=1",
					"$(inherited)",
				);
				GCC_WARN_64_TO_32_BIT_CONVERSION = YES;
				GCC_WARN_ABOUT_RETURN_TYPE = YES_ERROR;
				GCC_WARN_UNDECLARED_SELECTOR = YES;
				GCC_WARN_UNINITIALIZED_AUTOS = YES_AGGRESSIVE;
				GCC_WARN_UNUSED_FUNCTION = YES;
				GCC_WARN_UNUSED_VARIABLE = YES;
				IPHONEOS_DEPLOYMENT_TARGET = 14.5;
				MTL_ENABLE_DEBUG_INFO = INCLUDE_SOURCE;
				MTL_FAST_MATH = YES;
				ONLY_ACTIVE_ARCH = YES;
				SDKROOT = iphoneos;
				SWIFT_ACTIVE_COMPILATION_CONDITIONS = DEBUG;
				SWIFT_OPTIMIZATION_LEVEL = "-Onone";
			};
			name = Debug;
		};
		AB18BA7A283E6170007098D9 /* Release */ = {
			isa = XCBuildConfiguration;
			buildSettings = {
				ALWAYS_SEARCH_USER_PATHS = NO;
				CLANG_ANALYZER_NONNULL = YES;
				CLANG_ANALYZER_NUMBER_OBJECT_CONVERSION = YES_AGGRESSIVE;
				CLANG_CXX_LANGUAGE_STANDARD = "gnu++14";
				CLANG_CXX_LIBRARY = "libc++";
				CLANG_ENABLE_MODULES = YES;
				CLANG_ENABLE_OBJC_ARC = YES;
				CLANG_ENABLE_OBJC_WEAK = YES;
				CLANG_WARN_BLOCK_CAPTURE_AUTORELEASING = YES;
				CLANG_WARN_BOOL_CONVERSION = YES;
				CLANG_WARN_COMMA = YES;
				CLANG_WARN_CONSTANT_CONVERSION = YES;
				CLANG_WARN_DEPRECATED_OBJC_IMPLEMENTATIONS = YES;
				CLANG_WARN_DIRECT_OBJC_ISA_USAGE = YES_ERROR;
				CLANG_WARN_DOCUMENTATION_COMMENTS = YES;
				CLANG_WARN_EMPTY_BODY = YES;
				CLANG_WARN_ENUM_CONVERSION = YES;
				CLANG_WARN_INFINITE_RECURSION = YES;
				CLANG_WARN_INT_CONVERSION = YES;
				CLANG_WARN_NON_LITERAL_NULL_CONVERSION = YES;
				CLANG_WARN_OBJC_IMPLICIT_RETAIN_SELF = YES;
				CLANG_WARN_OBJC_LITERAL_CONVERSION = YES;
				CLANG_WARN_OBJC_ROOT_CLASS = YES_ERROR;
				CLANG_WARN_QUOTED_INCLUDE_IN_FRAMEWORK_HEADER = YES;
				CLANG_WARN_RANGE_LOOP_ANALYSIS = YES;
				CLANG_WARN_STRICT_PROTOTYPES = YES;
				CLANG_WARN_SUSPICIOUS_MOVE = YES;
				CLANG_WARN_UNGUARDED_AVAILABILITY = YES_AGGRESSIVE;
				CLANG_WARN_UNREACHABLE_CODE = YES;
				CLANG_WARN__DUPLICATE_METHOD_MATCH = YES;
				COPY_PHASE_STRIP = NO;
				DEBUG_INFORMATION_FORMAT = "dwarf-with-dsym";
				ENABLE_NS_ASSERTIONS = NO;
				ENABLE_STRICT_OBJC_MSGSEND = YES;
				GCC_C_LANGUAGE_STANDARD = gnu11;
				GCC_NO_COMMON_BLOCKS = YES;
				GCC_WARN_64_TO_32_BIT_CONVERSION = YES;
				GCC_WARN_ABOUT_RETURN_TYPE = YES_ERROR;
				GCC_WARN_UNDECLARED_SELECTOR = YES;
				GCC_WARN_UNINITIALIZED_AUTOS = YES_AGGRESSIVE;
				GCC_WARN_UNUSED_FUNCTION = YES;
				GCC_WARN_UNUSED_VARIABLE = YES;
				IPHONEOS_DEPLOYMENT_TARGET = 14.5;
				MTL_ENABLE_DEBUG_INFO = NO;
				MTL_FAST_MATH = YES;
				SDKROOT = iphoneos;
				SWIFT_COMPILATION_MODE = wholemodule;
				SWIFT_OPTIMIZATION_LEVEL = "-O";
				VALIDATE_PRODUCT = YES;
			};
			name = Release;
		};
		AB18BA7C283E6170007098D9 /* Debug */ = {
			isa = XCBuildConfiguration;
			buildSettings = {
				ASSETCATALOG_COMPILER_APPICON_NAME = AppIcon;
				ASSETCATALOG_COMPILER_GLOBAL_ACCENT_COLOR_NAME = AccentColor;
				CODE_SIGN_STYLE = Automatic;
				DEVELOPMENT_ASSET_PATHS = "\"TLightSwiftUIApp/Preview Content\"";
				DEVELOPMENT_TEAM = 2T2W877SRM;
				ENABLE_PREVIEWS = YES;
				INFOPLIST_FILE = TLightSwiftUIApp/Info.plist;
				IPHONEOS_DEPLOYMENT_TARGET = 14.0;
				LD_RUNPATH_SEARCH_PATHS = (
					"$(inherited)",
					"@executable_path/Frameworks",
				);
				PRODUCT_BUNDLE_IDENTIFIER = com.sharf.TLightSwiftUIApp;
				PRODUCT_NAME = "$(TARGET_NAME)";
				SWIFT_VERSION = 5.0;
				TARGETED_DEVICE_FAMILY = "1,2";
			};
			name = Debug;
		};
		AB18BA7D283E6170007098D9 /* Release */ = {
			isa = XCBuildConfiguration;
			buildSettings = {
				ASSETCATALOG_COMPILER_APPICON_NAME = AppIcon;
				ASSETCATALOG_COMPILER_GLOBAL_ACCENT_COLOR_NAME = AccentColor;
				CODE_SIGN_STYLE = Automatic;
				DEVELOPMENT_ASSET_PATHS = "\"TLightSwiftUIApp/Preview Content\"";
				DEVELOPMENT_TEAM = 2T2W877SRM;
				ENABLE_PREVIEWS = YES;
				INFOPLIST_FILE = TLightSwiftUIApp/Info.plist;
				IPHONEOS_DEPLOYMENT_TARGET = 14.0;
				LD_RUNPATH_SEARCH_PATHS = (
					"$(inherited)",
					"@executable_path/Frameworks",
				);
				PRODUCT_BUNDLE_IDENTIFIER = com.sharf.TLightSwiftUIApp;
				PRODUCT_NAME = "$(TARGET_NAME)";
				SWIFT_VERSION = 5.0;
				TARGETED_DEVICE_FAMILY = "1,2";
			};
			name = Release;
		};
/* End XCBuildConfiguration section */

/* Begin XCConfigurationList section */
		AB18BA67283E616A007098D9 /* Build configuration list for PBXProject "TLightSwiftUIApp" */ = {
			isa = XCConfigurationList;
			buildConfigurations = (
				AB18BA79283E6170007098D9 /* Debug */,
				AB18BA7A283E6170007098D9 /* Release */,
			);
			defaultConfigurationIsVisible = 0;
			defaultConfigurationName = Release;
		};
		AB18BA7B283E6170007098D9 /* Build configuration list for PBXNativeTarget "TLightSwiftUIApp" */ = {
			isa = XCConfigurationList;
			buildConfigurations = (
				AB18BA7C283E6170007098D9 /* Debug */,
				AB18BA7D283E6170007098D9 /* Release */,
			);
			defaultConfigurationIsVisible = 0;
			defaultConfigurationName = Release;
		};
/* End XCConfigurationList section */
	};
	rootObject = AB18BA64283E616A007098D9 /* Project object */;
}
